
Microsoft Visual Studio Solution File, Format Version 12.00
# Visual Studio Version 17
VisualStudioVersion = 17.0.31903.59
MinimumVisualStudioVersion = 10.0.40219.1
Project("{FAE04EC0-301F-11D3-BF4B-00C04F79EFBC}") = "EcommerceApp.Entities", "EcommerceApp.Entities\EcommerceApp.Entities.csproj", "{9FEDFFA1-E24D-4026-9BAC-F2A2E8B8E741}"
EndProject
Project("{FAE04EC0-301F-11D3-BF4B-00C04F79EFBC}") = "EcommerceApp.Data", "EcommerceApp.Data\EcommerceApp.Data.csproj", "{CD576287-0D93-44CA-9AC7-1729266FBD29}"
EndProject
Project("{FAE04EC0-301F-11D3-BF4B-00C04F79EFBC}") = "EcommerceApp.Business", "EcommerceApp.Business\EcommerceApp.Business.csproj", "{FA290C43-6E1C-49A0-B718-8D6853BDB0E4}"
EndProject
Project("{FAE04EC0-301F-11D3-BF4B-00C04F79EFBC}") = "EcommerceApp.API", "EcommerceApp.API\EcommerceApp.API.csproj", "{C926FD1D-1A8E-4014-BEA9-70117BFBE784}"
EndProject
Global
	GlobalSection(SolutionConfigurationPlatforms) = preSolution
		Debug|Any CPU = Debug|Any CPU
		Debug|x64 = Debug|x64
		Debug|x86 = Debug|x86
		Release|Any CPU = Release|Any CPU
		Release|x64 = Release|x64
		Release|x86 = Release|x86
	EndGlobalSection
	GlobalSection(ProjectConfigurationPlatforms) = postSolution
		{9FEDFFA1-E24D-4026-9BAC-F2A2E8B8E741}.Debug|Any CPU.ActiveCfg = Debug|Any CPU
		{9FEDFFA1-E24D-4026-9BAC-F2A2E8B8E741}.Debug|Any CPU.Build.0 = Debug|Any CPU
		{9FEDFFA1-E24D-4026-9BAC-F2A2E8B8E741}.Debug|x64.ActiveCfg = Debug|Any CPU
		{9FEDFFA1-E24D-4026-9BAC-F2A2E8B8E741}.Debug|x64.Build.0 = Debug|Any CPU
		{9FEDFFA1-E24D-4026-9BAC-F2A2E8B8E741}.Debug|x86.ActiveCfg = Debug|Any CPU
		{9FEDFFA1-E24D-4026-9BAC-F2A2E8B8E741}.Debug|x86.Build.0 = Debug|Any CPU
		{9FEDFFA1-E24D-4026-9BAC-F2A2E8B8E741}.Release|Any CPU.ActiveCfg = Release|Any CPU
		{9FEDFFA1-E24D-4026-9BAC-F2A2E8B8E741}.Release|Any CPU.Build.0 = Release|Any CPU
		{9FEDFFA1-E24D-4026-9BAC-F2A2E8B8E741}.Release|x64.ActiveCfg = Release|Any CPU
		{9FEDFFA1-E24D-4026-9BAC-F2A2E8B8E741}.Release|x64.Build.0 = Release|Any CPU
		{9FEDFFA1-E24D-4026-9BAC-F2A2E8B8E741}.Release|x86.ActiveCfg = Release|Any CPU
		{9FEDFFA1-E24D-4026-9BAC-F2A2E8B8E741}.Release|x86.Build.0 = Release|Any CPU
		{CD576287-0D93-44CA-9AC7-1729266FBD29}.Debug|Any CPU.ActiveCfg = Debug|Any CPU
		{CD576287-0D93-44CA-9AC7-1729266FBD29}.Debug|Any CPU.Build.0 = Debug|Any CPU
		{CD576287-0D93-44CA-9AC7-1729266FBD29}.Debug|x64.ActiveCfg = Debug|Any CPU
		{CD576287-0D93-44CA-9AC7-1729266FBD29}.Debug|x64.Build.0 = Debug|Any CPU
		{CD576287-0D93-44CA-9AC7-1729266FBD29}.Debug|x86.ActiveCfg = Debug|Any CPU
		{CD576287-0D93-44CA-9AC7-1729266FBD29}.Debug|x86.Build.0 = Debug|Any CPU
		{CD576287-0D93-44CA-9AC7-1729266FBD29}.Release|Any CPU.ActiveCfg = Release|Any CPU
		{CD576287-0D93-44CA-9AC7-1729266FBD29}.Release|Any CPU.Build.0 = Release|Any CPU
		{CD576287-0D93-44CA-9AC7-1729266FBD29}.Release|x64.ActiveCfg = Release|Any CPU
		{CD576287-0D93-44CA-9AC7-1729266FBD29}.Release|x64.Build.0 = Release|Any CPU
		{CD576287-0D93-44CA-9AC7-1729266FBD29}.Release|x86.ActiveCfg = Release|Any CPU
		{CD576287-0D93-44CA-9AC7-1729266FBD29}.Release|x86.Build.0 = Release|Any CPU
		{FA290C43-6E1C-49A0-B718-8D6853BDB0E4}.Debug|Any CPU.ActiveCfg = Debug|Any CPU
		{FA290C43-6E1C-49A0-B718-8D6853BDB0E4}.Debug|Any CPU.Build.0 = Debug|Any CPU
		{FA290C43-6E1C-49A0-B718-8D6853BDB0E4}.Debug|x64.ActiveCfg = Debug|Any CPU
		{FA290C43-6E1C-49A0-B718-8D6853BDB0E4}.Debug|x64.Build.0 = Debug|Any CPU
		{FA290C43-6E1C-49A0-B718-8D6853BDB0E4}.Debug|x86.ActiveCfg = Debug|Any CPU
		{FA290C43-6E1C-49A0-B718-8D6853BDB0E4}.Debug|x86.Build.0 = Debug|Any CPU
		{FA290C43-6E1C-49A0-B718-8D6853BDB0E4}.Release|Any CPU.ActiveCfg = Release|Any CPU
		{FA290C43-6E1C-49A0-B718-8D6853BDB0E4}.Release|Any CPU.Build.0 = Release|Any CPU
		{FA290C43-6E1C-49A0-B718-8D6853BDB0E4}.Release|x64.ActiveCfg = Release|Any CPU
		{FA290C43-6E1C-49A0-B718-8D6853BDB0E4}.Release|x64.Build.0 = Release|Any CPU
		{FA290C43-6E1C-49A0-B718-8D6853BDB0E4}.Release|x86.ActiveCfg = Release|Any CPU
		{FA290C43-6E1C-49A0-B718-8D6853BDB0E4}.Release|x86.Build.0 = Release|Any CPU
		{C926FD1D-1A8E-4014-BEA9-70117BFBE784}.Debug|Any CPU.ActiveCfg = Debug|Any CPU
		{C926FD1D-1A8E-4014-BEA9-70117BFBE784}.Debug|Any CPU.Build.0 = Debug|Any CPU
		{C926FD1D-1A8E-4014-BEA9-70117BFBE784}.Debug|x64.ActiveCfg = Debug|Any CPU
		{C926FD1D-1A8E-4014-BEA9-70117BFBE784}.Debug|x64.Build.0 = Debug|Any CPU
		{C926FD1D-1A8E-4014-BEA9-70117BFBE784}.Debug|x86.ActiveCfg = Debug|Any CPU
		{C926FD1D-1A8E-4014-BEA9-70117BFBE784}.Debug|x86.Build.0 = Debug|Any CPU
		{C926FD1D-1A8E-4014-BEA9-70117BFBE784}.Release|Any CPU.ActiveCfg = Release|Any CPU
		{C926FD1D-1A8E-4014-BEA9-70117BFBE784}.Release|Any CPU.Build.0 = Release|Any CPU
		{C926FD1D-1A8E-4014-BEA9-70117BFBE784}.Release|x64.ActiveCfg = Release|Any CPU
		{C926FD1D-1A8E-4014-BEA9-70117BFBE784}.Release|x64.Build.0 = Release|Any CPU
		{C926FD1D-1A8E-4014-BEA9-70117BFBE784}.Release|x86.ActiveCfg = Release|Any CPU
		{C926FD1D-1A8E-4014-BEA9-70117BFBE784}.Release|x86.Build.0 = Release|Any CPU
	EndGlobalSection
	GlobalSection(SolutionProperties) = preSolution
		HideSolutionNode = FALSE
	EndGlobalSection
EndGlobal
